
Microsoft Visual Studio Solution File, Format Version 12.00
# Visual Studio Version 17
VisualStudioVersion = 17.3.32505.426
MinimumVisualStudioVersion = 10.0.40219.1
Project("{9A19103F-16F7-4668-BE54-9A1E7A4F7556}") = "RabbitMQConsoleApplication", "RabbitMQConsoleApplication\RabbitMQConsoleApplication.csproj", "{0F0AAE62-1AF1-4162-99D8-4B519A8E62B1}"
EndProject
Project("{9A19103F-16F7-4668-BE54-9A1E7A4F7556}") = "RabbitMQApi", "WebApi\RabbitMQApi.csproj", "{82D43920-CCC6-4483-A94E-7E8C9BBCE138}"
EndProject
Global
	GlobalSection(SolutionConfigurationPlatforms) = preSolution
		Debug|Any CPU = Debug|Any CPU
		Release|Any CPU = Release|Any CPU
	EndGlobalSection
	GlobalSection(ProjectConfigurationPlatforms) = postSolution
		{0F0AAE62-1AF1-4162-99D8-4B519A8E62B1}.Debug|Any CPU.ActiveCfg = Debug|Any CPU
		{0F0AAE62-1AF1-4162-99D8-4B519A8E62B1}.Debug|Any CPU.Build.0 = Debug|Any CPU
		{0F0AAE62-1AF1-4162-99D8-4B519A8E62B1}.Release|Any CPU.ActiveCfg = Release|Any CPU
		{0F0AAE62-1AF1-4162-99D8-4B519A8E62B1}.Release|Any CPU.Build.0 = Release|Any CPU
		{82D43920-CCC6-4483-A94E-7E8C9BBCE138}.Debug|Any CPU.ActiveCfg = Debug|Any CPU
		{82D43920-CCC6-4483-A94E-7E8C9BBCE138}.Debug|Any CPU.Build.0 = Debug|Any CPU
		{82D43920-CCC6-4483-A94E-7E8C9BBCE138}.Release|Any CPU.ActiveCfg = Release|Any CPU
		{82D43920-CCC6-4483-A94E-7E8C9BBCE138}.Release|Any CPU.Build.0 = Release|Any CPU
	EndGlobalSection
	GlobalSection(SolutionProperties) = preSolution
		HideSolutionNode = FALSE
	EndGlobalSection
	GlobalSection(ExtensibilityGlobals) = postSolution
		SolutionGuid = {8A94DEC6-2085-4588-B9FF-902E72BF608F}
	EndGlobalSection
EndGlobal
